
Microsoft Visual Studio Solution File, Format Version 12.00
# Visual Studio Version 17
VisualStudioVersion = 17.2.32630.192
MinimumVisualStudioVersion = 10.0.40219.1
Project("{9A19103F-16F7-4668-BE54-9A1E7A4F7556}") = "Project-X", "Project-X\Project-X.csproj", "{331CA9A3-C430-4816-9283-E58C3D050720}"
EndProject
Project("{9A19103F-16F7-4668-BE54-9A1E7A4F7556}") = "Client", "..\client_packages\cs_packages\Client.csproj", "{32D8A95B-3BA5-4290-AEDE-5D0A34DCF32F}"
EndProject
Project("{FAE04EC0-301F-11D3-BF4B-00C04F79EFBC}") = "Shared", "Shared\Shared.csproj", "{B9CF4A1D-ABF9-4700-99EA-579B2D2FEE8A}"
EndProject
Global
	GlobalSection(SolutionConfigurationPlatforms) = preSolution
		Debug|Any CPU = Debug|Any CPU
		Release|Any CPU = Release|Any CPU
	EndGlobalSection
	GlobalSection(ProjectConfigurationPlatforms) = postSolution
		{331CA9A3-C430-4816-9283-E58C3D050720}.Debug|Any CPU.ActiveCfg = Debug|Any CPU
		{331CA9A3-C430-4816-9283-E58C3D050720}.Debug|Any CPU.Build.0 = Debug|Any CPU
		{331CA9A3-C430-4816-9283-E58C3D050720}.Release|Any CPU.ActiveCfg = Release|Any CPU
		{331CA9A3-C430-4816-9283-E58C3D050720}.Release|Any CPU.Build.0 = Release|Any CPU
		{32D8A95B-3BA5-4290-AEDE-5D0A34DCF32F}.Debug|Any CPU.ActiveCfg = Debug|Any CPU
		{32D8A95B-3BA5-4290-AEDE-5D0A34DCF32F}.Debug|Any CPU.Build.0 = Debug|Any CPU
		{32D8A95B-3BA5-4290-AEDE-5D0A34DCF32F}.Release|Any CPU.ActiveCfg = Release|Any CPU
		{32D8A95B-3BA5-4290-AEDE-5D0A34DCF32F}.Release|Any CPU.Build.0 = Release|Any CPU
		{B9CF4A1D-ABF9-4700-99EA-579B2D2FEE8A}.Debug|Any CPU.ActiveCfg = Debug|Any CPU
		{B9CF4A1D-ABF9-4700-99EA-579B2D2FEE8A}.Debug|Any CPU.Build.0 = Debug|Any CPU
		{B9CF4A1D-ABF9-4700-99EA-579B2D2FEE8A}.Release|Any CPU.ActiveCfg = Release|Any CPU
		{B9CF4A1D-ABF9-4700-99EA-579B2D2FEE8A}.Release|Any CPU.Build.0 = Release|Any CPU
	EndGlobalSection
	GlobalSection(SolutionProperties) = preSolution
		HideSolutionNode = FALSE
	EndGlobalSection
	GlobalSection(ExtensibilityGlobals) = postSolution
		SolutionGuid = {627FAE17-24A2-4E87-8703-B4A87A1797F1}
	EndGlobalSection
EndGlobal
